
Microsoft Visual Studio Solution File, Format Version 12.00
# Visual Studio Version 16
VisualStudioVersion = 16.0.31729.503
MinimumVisualStudioVersion = 10.0.40219.1
Project("{FAE04EC0-301F-11D3-BF4B-00C04F79EFBC}") = "datumCas", "datumCas\datumCas.csproj", "{FBEC3D49-EEB7-4197-87DE-A9ABE16A2C90}"
EndProject
Global
	GlobalSection(SolutionConfigurationPlatforms) = preSolution
		Debug|Any CPU = Debug|Any CPU
		Release|Any CPU = Release|Any CPU
	EndGlobalSection
	GlobalSection(ProjectConfigurationPlatforms) = postSolution
		{FBEC3D49-EEB7-4197-87DE-A9ABE16A2C90}.Debug|Any CPU.ActiveCfg = Debug|Any CPU
		{FBEC3D49-EEB7-4197-87DE-A9ABE16A2C90}.Debug|Any CPU.Build.0 = Debug|Any CPU
		{FBEC3D49-EEB7-4197-87DE-A9ABE16A2C90}.Release|Any CPU.ActiveCfg = Release|Any CPU
		{FBEC3D49-EEB7-4197-87DE-A9ABE16A2C90}.Release|Any CPU.Build.0 = Release|Any CPU
	EndGlobalSection
	GlobalSection(SolutionProperties) = preSolution
		HideSolutionNode = FALSE
	EndGlobalSection
	GlobalSection(ExtensibilityGlobals) = postSolution
		SolutionGuid = {44C600B0-23B2-49E1-BF55-EC94761347B8}
	EndGlobalSection
EndGlobal
