
Microsoft Visual Studio Solution File, Format Version 12.00
# Visual Studio Version 16
VisualStudioVersion = 16.0.31702.278
MinimumVisualStudioVersion = 10.0.40219.1
Project("{FAE04EC0-301F-11D3-BF4B-00C04F79EFBC}") = "AgeVerificator", "AgeVerificator\AgeVerificator.csproj", "{F2B4DBFE-AB33-48C0-9F28-E63BA3023C71}"
EndProject
Global
	GlobalSection(SolutionConfigurationPlatforms) = preSolution
		Debug|Any CPU = Debug|Any CPU
		Release|Any CPU = Release|Any CPU
	EndGlobalSection
	GlobalSection(ProjectConfigurationPlatforms) = postSolution
		{F2B4DBFE-AB33-48C0-9F28-E63BA3023C71}.Debug|Any CPU.ActiveCfg = Debug|Any CPU
		{F2B4DBFE-AB33-48C0-9F28-E63BA3023C71}.Debug|Any CPU.Build.0 = Debug|Any CPU
		{F2B4DBFE-AB33-48C0-9F28-E63BA3023C71}.Release|Any CPU.ActiveCfg = Release|Any CPU
		{F2B4DBFE-AB33-48C0-9F28-E63BA3023C71}.Release|Any CPU.Build.0 = Release|Any CPU
	EndGlobalSection
	GlobalSection(SolutionProperties) = preSolution
		HideSolutionNode = FALSE
	EndGlobalSection
	GlobalSection(ExtensibilityGlobals) = postSolution
		SolutionGuid = {30134735-34FE-43C3-9D6B-235D8AF79992}
	EndGlobalSection
EndGlobal
